
Microsoft Visual Studio Solution File, Format Version 12.00
# Visual Studio Version 17
VisualStudioVersion = 17.0.32014.148
MinimumVisualStudioVersion = 10.0.40219.1
Project("{FAE04EC0-301F-11D3-BF4B-00C04F79EFBC}") = "Task_5", "Task_5\Task_5.csproj", "{43710A0A-6A4E-45AA-A885-6950D3202C13}"
EndProject
Project("{FAE04EC0-301F-11D3-BF4B-00C04F79EFBC}") = "TestProject", "TestProject\TestProject.csproj", "{F00497A0-D501-4459-8D84-7344408DFB93}"
EndProject
Global
	GlobalSection(SolutionConfigurationPlatforms) = preSolution
		Debug|Any CPU = Debug|Any CPU
		Release|Any CPU = Release|Any CPU
	EndGlobalSection
	GlobalSection(ProjectConfigurationPlatforms) = postSolution
		{43710A0A-6A4E-45AA-A885-6950D3202C13}.Debug|Any CPU.ActiveCfg = Debug|Any CPU
		{43710A0A-6A4E-45AA-A885-6950D3202C13}.Debug|Any CPU.Build.0 = Debug|Any CPU
		{43710A0A-6A4E-45AA-A885-6950D3202C13}.Release|Any CPU.ActiveCfg = Release|Any CPU
		{43710A0A-6A4E-45AA-A885-6950D3202C13}.Release|Any CPU.Build.0 = Release|Any CPU
		{F00497A0-D501-4459-8D84-7344408DFB93}.Debug|Any CPU.ActiveCfg = Debug|Any CPU
		{F00497A0-D501-4459-8D84-7344408DFB93}.Debug|Any CPU.Build.0 = Debug|Any CPU
		{F00497A0-D501-4459-8D84-7344408DFB93}.Release|Any CPU.ActiveCfg = Release|Any CPU
		{F00497A0-D501-4459-8D84-7344408DFB93}.Release|Any CPU.Build.0 = Release|Any CPU
	EndGlobalSection
	GlobalSection(SolutionProperties) = preSolution
		HideSolutionNode = FALSE
	EndGlobalSection
	GlobalSection(ExtensibilityGlobals) = postSolution
		SolutionGuid = {F9C7815D-60A1-47DF-B46E-8E2613806D37}
	EndGlobalSection
EndGlobal
